
Microsoft Visual Studio Solution File, Format Version 12.00
# Visual Studio 14
VisualStudioVersion = 14.0.25123.0
MinimumVisualStudioVersion = 10.0.40219.1
Project("{FAE04EC0-301F-11D3-BF4B-00C04F79EFBC}") = "EuroBettor", "EuroBettor\EuroBettor.csproj", "{840B06CE-23E2-410E-A1B0-271C4B75D473}"
EndProject
Project("{FAE04EC0-301F-11D3-BF4B-00C04F79EFBC}") = "EuroBettor.Tests", "EuroBettor.Tests\EuroBettor.Tests.csproj", "{CC484B9D-994D-4E6A-B0CE-6C0F24E797A2}"
EndProject
Global
	GlobalSection(SolutionConfigurationPlatforms) = preSolution
		Debug|Any CPU = Debug|Any CPU
		Release|Any CPU = Release|Any CPU
	EndGlobalSection
	GlobalSection(ProjectConfigurationPlatforms) = postSolution
		{840B06CE-23E2-410E-A1B0-271C4B75D473}.Debug|Any CPU.ActiveCfg = Debug|Any CPU
		{840B06CE-23E2-410E-A1B0-271C4B75D473}.Debug|Any CPU.Build.0 = Debug|Any CPU
		{840B06CE-23E2-410E-A1B0-271C4B75D473}.Release|Any CPU.ActiveCfg = Release|Any CPU
		{840B06CE-23E2-410E-A1B0-271C4B75D473}.Release|Any CPU.Build.0 = Release|Any CPU
		{CC484B9D-994D-4E6A-B0CE-6C0F24E797A2}.Debug|Any CPU.ActiveCfg = Debug|Any CPU
		{CC484B9D-994D-4E6A-B0CE-6C0F24E797A2}.Debug|Any CPU.Build.0 = Debug|Any CPU
		{CC484B9D-994D-4E6A-B0CE-6C0F24E797A2}.Release|Any CPU.ActiveCfg = Release|Any CPU
		{CC484B9D-994D-4E6A-B0CE-6C0F24E797A2}.Release|Any CPU.Build.0 = Release|Any CPU
	EndGlobalSection
	GlobalSection(SolutionProperties) = preSolution
		HideSolutionNode = FALSE
	EndGlobalSection
EndGlobal
